<?xml version="1.0" encoding="utf-8"?>
<Project ToolsVersion="4.0" xmlns="http://schemas.microsoft.com/developer/msbuild/2003">
  <ItemGroup>
    <Filter Include="源文件">
      <UniqueIdentifier>{4FC737F1-C7A5-4376-A066-2A32D752A2FF}</UniqueIdentifier>
      <Extensions>cpp;c;cc;cxx;def;odl;idl;hpj;bat;asm;asmx</Extensions>
    </Filter>
    <Filter Include="头文件">
      <UniqueIdentifier>{93995380-89BD-4b04-88EB-625FBE52EBFB}</UniqueIdentifier>
      <Extensions>h;hh;hpp;hxx;hm;inl;inc;ipp;xsd</Extensions>
    </Filter>
    <Filter Include="资源文件">
      <UniqueIdentifier>{67DA6AB6-F800-4c08-8B7A-83BB121AAD01}</UniqueIdentifier>
      <Extensions>rc;ico;cur;bmp;dlg;rc2;rct;bin;rgs;gif;jpg;jpeg;jpe;resx;tiff;tif;png;wav;mfcribbon-ms</Extensions>
    </Filter>
  </ItemGroup>
  <ItemGroup>
    <ClInclude Include="libp2p\libp2p\libp2p.h">
      <Filter>头文件</Filter>
    </ClInclude>
    <ClInclude Include="libp2p\libp2p\vpn_client.h">
      <Filter>头文件</Filter>
    </ClInclude>
    <ClInclude Include="Tenon\Business\Controller\BaseController.h">
      <Filter>头文件</Filter>
    </ClInclude>
    <ClInclude Include="Tenon\Business\Controller\BaseTableViewController.h">
      <Filter>头文件</Filter>
    </ClInclude>
    <ClInclude Include="Tenon\Business\Model\UIBaseModel.h">
      <Filter>头文件</Filter>
    </ClInclude>
    <ClInclude Include="Tenon\NetworkOperation\NetWork\JTBaseReqModel.h">
      <Filter>头文件</Filter>
    </ClInclude>
    <ClInclude Include="Tenon\NetworkOperation\NetWork\JTNetwork.h">
      <Filter>头文件</Filter>
    </ClInclude>
    <ClInclude Include="Tenon\Tool\HelpTool.h">
      <Filter>头文件</Filter>
    </ClInclude>
    <ClInclude Include="Tenon\Tool\KeychainItemWrapper.h">
      <Filter>头文件</Filter>
    </ClInclude>
    <ClInclude Include="Tenon\Tool\KeychainManager.h">
      <Filter>头文件</Filter>
    </ClInclude>
    <ClInclude Include="Tenon\Tool\NSBundle+Language.h">
      <Filter>头文件</Filter>
    </ClInclude>
    <ClInclude Include="Tenon\Tool\RBProgressView.h">
      <Filter>头文件</Filter>
    </ClInclude>
    <ClInclude Include="Tenon\Tool\Toast+UIView.h">
      <Filter>头文件</Filter>
    </ClInclude>
    <ClInclude Include="Tenon\Tool\TSShareHelper.h">
      <Filter>头文件</Filter>
    </ClInclude>
    <ClInclude Include="Tenon\XSFPopViewController\LHCustomModalTransition.h">
      <Filter>头文件</Filter>
    </ClInclude>
    <ClInclude Include="Tenon\XSFPopViewController\PopViewController.h">
      <Filter>头文件</Filter>
    </ClInclude>
    <ClInclude Include="Tenon\XSFPopViewController\UIViewController+PopAnimated.h">
      <Filter>头文件</Filter>
    </ClInclude>
    <ClInclude Include="Tenon\TenonVPN-Bridging-Header.h">
      <Filter>头文件</Filter>
    </ClInclude>
    <ClInclude Include="Tenon\TenonVPN-PCH.h">
      <Filter>头文件</Filter>
    </ClInclude>
    <ClInclude Include="Tenon\Tenon2.0\Categories\HUD\AZHUDView.h">
      <Filter>头文件</Filter>
    </ClInclude>
    <ClInclude Include="Tenon\Tenon2.0\Categories\LKExt\DKProgressHUD+LKExt.h">
      <Filter>头文件</Filter>
    </ClInclude>
    <ClInclude Include="Tenon\Tenon2.0\Categories\LKExt\LKExt.h">
      <Filter>头文件</Filter>
    </ClInclude>
    <ClInclude Include="Tenon\Tenon2.0\Categories\LKExt\UIImage+Extra.h">
      <Filter>头文件</Filter>
    </ClInclude>
    <ClInclude Include="Tenon\Tenon2.0\Categories\NSData+Base65EnCode.h">
      <Filter>头文件</Filter>
    </ClInclude>
    <ClInclude Include="Tenon\Tenon2.0\Categories\NSDictionary+extension.h">
      <Filter>头文件</Filter>
    </ClInclude>
    <ClInclude Include="Tenon\Tenon2.0\Categories\NSObject+setProperty.h">
      <Filter>头文件</Filter>
    </ClInclude>
    <ClInclude Include="Tenon\Tenon2.0\Categories\NSString+Tool.h">
      <Filter>头文件</Filter>
    </ClInclude>
    <ClInclude Include="Tenon\Tenon2.0\Categories\UIButton+countDown.h">
      <Filter>头文件</Filter>
    </ClInclude>
    <ClInclude Include="Tenon\Tenon2.0\Categories\UIButton+LargeArea.h">
      <Filter>头文件</Filter>
    </ClInclude>
    <ClInclude Include="Tenon\Tenon2.0\Categories\UIColor+Extension.h">
      <Filter>头文件</Filter>
    </ClInclude>
    <ClInclude Include="Tenon\Tenon2.0\Categories\UIColor+RCColor.h">
      <Filter>头文件</Filter>
    </ClInclude>
    <ClInclude Include="Tenon\Tenon2.0\Categories\UIImage+GIF.h">
      <Filter>头文件</Filter>
    </ClInclude>
    <ClInclude Include="Tenon\Tenon2.0\Categories\UIImage+RCImage.h">
      <Filter>头文件</Filter>
    </ClInclude>
    <ClInclude Include="Tenon\Tenon2.0\Categories\UIImage+TOO.h">
      <Filter>头文件</Filter>
    </ClInclude>
    <ClInclude Include="Tenon\Tenon2.0\Categories\UIImage+TOOL.h">
      <Filter>头文件</Filter>
    </ClInclude>
    <ClInclude Include="Tenon\Tenon2.0\Categories\UIImageView+loading.h">
      <Filter>头文件</Filter>
    </ClInclude>
    <ClInclude Include="Tenon\Tenon2.0\Categories\UINavigationBar+handle.h">
      <Filter>头文件</Filter>
    </ClInclude>
    <ClInclude Include="Tenon\Tenon2.0\Categories\UITableView+loadCell.h">
      <Filter>头文件</Filter>
    </ClInclude>
    <ClInclude Include="Tenon\Tenon2.0\Categories\UITextView+Placeholder.h">
      <Filter>头文件</Filter>
    </ClInclude>
    <ClInclude Include="Tenon\Tenon2.0\Categories\UIView+baseExtra.h">
      <Filter>头文件</Filter>
    </ClInclude>
    <ClInclude Include="Tenon\Tenon2.0\Categories\UIView+Frame.h">
      <Filter>头文件</Filter>
    </ClInclude>
    <ClInclude Include="Tenon\Tenon2.0\Categories\UIView+PubicColor.h">
      <Filter>头文件</Filter>
    </ClInclude>
    <ClInclude Include="Tenon\Tenon2.0\Categories\UIView+tool.h">
      <Filter>头文件</Filter>
    </ClInclude>
    <ClInclude Include="Tenon\Tenon2.0\UIBaseView\UIConfirnBtnCell\UIConfirnBtnCell.h">
      <Filter>头文件</Filter>
    </ClInclude>
    <ClInclude Include="Tenon\Tenon2.0\UIBaseView\UIForgetRegistCell\UIForgetRegistCell.h">
      <Filter>头文件</Filter>
    </ClInclude>
    <ClInclude Include="Tenon\Tenon2.0\UIBaseView\UIImageLabelSelectCell\UIImageLabelSelectCell.h">
      <Filter>头文件</Filter>
    </ClInclude>
    <ClInclude Include="Tenon\Tenon2.0\UIBaseView\UILabelButtonCell\UILabelButtonCell.h">
      <Filter>头文件</Filter>
    </ClInclude>
    <ClInclude Include="Tenon\Tenon2.0\UIBaseView\UILabelContentCell\UILabelContentCell.h">
      <Filter>头文件</Filter>
    </ClInclude>
    <ClInclude Include="Tenon\Tenon2.0\UIBaseView\UILineCell\UILineCell.h">
      <Filter>头文件</Filter>
    </ClInclude>
    <ClInclude Include="Tenon\Tenon2.0\UIBaseView\UISpaceCell\UISpaceCell.h">
      <Filter>头文件</Filter>
    </ClInclude>
    <ClInclude Include="Tenon\Tenon2.0\UIBaseView\UITextFiledCell\UITextFiledCell.h">
      <Filter>头文件</Filter>
    </ClInclude>
    <ClInclude Include="Tenon\Tenon2.0\UIBaseView\UITipsCell\UITipsCell.h">
      <Filter>头文件</Filter>
    </ClInclude>
    <ClInclude Include="Tenon\Tenon2.0\UIBaseView\UIVerificationCodeCell\UIVerificationCodeCell.h">
      <Filter>头文件</Filter>
    </ClInclude>
    <ClInclude Include="Tenon\Tenon2.0\关于我们\AboutViewController.h">
      <Filter>头文件</Filter>
    </ClInclude>
    <ClInclude Include="Tenon\Tenon2.0\广告\ADViewController.h">
      <Filter>头文件</Filter>
    </ClInclude>
    <ClInclude Include="Tenon\Tenon2.0\设置\Controller\SettingViewController.h">
      <Filter>头文件</Filter>
    </ClInclude>
    <ClInclude Include="Tenon\Tenon2.0\设置\View\SettingSelectCell.h">
      <Filter>头文件</Filter>
    </ClInclude>
    <ClInclude Include="Tenon\Tenon2.0\设置\View\SettingTableViewCell.h">
      <Filter>头文件</Filter>
    </ClInclude>
    <ClInclude Include="Tenon\Tenon2.0\首页\View\HomeGuideView.h">
      <Filter>头文件</Filter>
    </ClInclude>
    <ClInclude Include="Tenon\Tenon2.0\首页\AppDelegate.h">
      <Filter>头文件</Filter>
    </ClInclude>
    <ClInclude Include="Tenon\Tenon2.0\首页\MainViewController.h">
      <Filter>头文件</Filter>
    </ClInclude>
    <ClInclude Include="Tenon\Tenon2.0\提现\Controller\WithdrawViewController.h">
      <Filter>头文件</Filter>
    </ClInclude>
    <ClInclude Include="Tenon\Tenon2.0\提现\View\HistoryListTableViewCell.h">
      <Filter>头文件</Filter>
    </ClInclude>
    <ClInclude Include="Tenon\Tenon2.0\赚币\getTenonCell.h">
      <Filter>头文件</Filter>
    </ClInclude>
    <ClInclude Include="Tenon\Tenon2.0\赚币\OrderListHeaderCell.h">
      <Filter>头文件</Filter>
    </ClInclude>
    <ClInclude Include="Tenon\Tenon2.0\赚币\RechargeViewController.h">
      <Filter>头文件</Filter>
    </ClInclude>
    <ClInclude Include="Tenon\Tenon2.0\赚币\TenonHeadCell.h">
      <Filter>头文件</Filter>
    </ClInclude>
  </ItemGroup>
  <ItemGroup>
    <None Include="Tenon\NetworkOperation\TenonP2pLib.swift" />
    <None Include="Tenon\NetworkOperation\VpnManager.swift" />
    <None Include="Tenon\NetworkOperation\NetWork\JTBaseReqModel.m" />
    <None Include="Tenon\NetworkOperation\NetWork\JTNetwork.m" />
    <None Include="Tenon\FWPopMenu\View\AccountSetHeaderTableViewCell.swift" />
    <None Include="Tenon\FWPopMenu\View\AccountSetHeaderTableViewCell.xib" />
    <None Include="Tenon\FWPopMenu\View\GetTenonControl.swift" />
    <None Include="Tenon\FWPopMenu\View\GetTenonControl.xib" />
    <None Include="Tenon\FWPopMenu\.DS_Store" />
    <None Include="Tenon\FWPopMenu\FWBottomPopView.swift" />
    <None Include="Tenon\FWPopMenu\FWOperPKView.swift" />
    <None Include="Tenon\FWPopMenu\FWPopMenu.swift" />
    <None Include="Tenon\FWPopMenu\FWUpgradeView.swift" />
    <None Include="Tenon\FWPopMenu\TenonGetView.swift" />
    <None Include="Tenon\Tenon2.0\Categories\NSData+Base65EnCode.m" />
    <None Include="Tenon\Tenon2.0\Categories\NSDictionary+extension.m" />
    <None Include="Tenon\Tenon2.0\Categories\NSObject+setProperty.m" />
    <None Include="Tenon\Tenon2.0\Categories\NSString+Tool.m" />
    <None Include="Tenon\Tenon2.0\Categories\UIButton+countDown.m" />
    <None Include="Tenon\Tenon2.0\Categories\UIButton+LargeArea.m" />
    <None Include="Tenon\Tenon2.0\Categories\UIColor+Extension.m" />
    <None Include="Tenon\Tenon2.0\Categories\UIColor+RCColor.m" />
    <None Include="Tenon\Tenon2.0\Categories\UIImage+GIF.m" />
    <None Include="Tenon\Tenon2.0\Categories\UIImage+RCImage.m" />
    <None Include="Tenon\Tenon2.0\Categories\UIImage+TOO.m" />
    <None Include="Tenon\Tenon2.0\Categories\UIImage+TOOL.m" />
    <None Include="Tenon\Tenon2.0\Categories\UIImageView+loading.m" />
    <None Include="Tenon\Tenon2.0\Categories\UINavigationBar+handle.m" />
    <None Include="Tenon\Tenon2.0\Categories\UITableView+loadCell.m" />
    <None Include="Tenon\Tenon2.0\Categories\UITextView+Placeholder.m" />
    <None Include="Tenon\Tenon2.0\Categories\UIView+baseExtra.m" />
    <None Include="Tenon\Tenon2.0\Categories\UIView+Frame.m" />
    <None Include="Tenon\Tenon2.0\Categories\UIView+PubicColor.m" />
    <None Include="Tenon\Tenon2.0\Categories\UIView+tool.m" />
    <None Include="Tenon\Tenon2.0\UIBaseView\UIConfirnBtnCell\UIConfirnBtnCell.m" />
    <None Include="Tenon\Tenon2.0\UIBaseView\UIConfirnBtnCell\UIConfirnBtnCell.xib" />
    <None Include="Tenon\Tenon2.0\UIBaseView\UIForgetRegistCell\UIForgetRegistCell.m" />
    <None Include="Tenon\Tenon2.0\UIBaseView\UIForgetRegistCell\UIForgetRegistCell.xib" />
    <None Include="Tenon\Tenon2.0\UIBaseView\UIImageLabelSelectCell\UIImageLabelSelectCell.m" />
    <None Include="Tenon\Tenon2.0\UIBaseView\UIImageLabelSelectCell\UIImageLabelSelectCell.xib" />
    <None Include="Tenon\Tenon2.0\UIBaseView\UILabelButtonCell\UILabelButtonCell.m" />
    <None Include="Tenon\Tenon2.0\UIBaseView\UILabelButtonCell\UILabelButtonCell.xib" />
    <None Include="Tenon\Tenon2.0\UIBaseView\UILabelContentCell\UILabelContentCell.m" />
    <None Include="Tenon\Tenon2.0\UIBaseView\UILabelContentCell\UILabelContentCell.xib" />
    <None Include="Tenon\Tenon2.0\UIBaseView\UILineCell\UILineCell.m" />
    <None Include="Tenon\Tenon2.0\UIBaseView\UILineCell\UILineCell.xib" />
    <None Include="Tenon\Tenon2.0\UIBaseView\UISpaceCell\UISpaceCell.m" />
    <None Include="Tenon\Tenon2.0\UIBaseView\UISpaceCell\UISpaceCell.xib" />
    <None Include="Tenon\Tenon2.0\UIBaseView\UITextFiledCell\UITextFiledCell.m" />
    <None Include="Tenon\Tenon2.0\UIBaseView\UITextFiledCell\UITextFiledCell.xib" />
    <None Include="Tenon\Tenon2.0\UIBaseView\UITipsCell\UITipsCell.m" />
    <None Include="Tenon\Tenon2.0\UIBaseView\UITipsCell\UITipsCell.xib" />
    <None Include="Tenon\Tenon2.0\UIBaseView\UIVerificationCodeCell\UIVerificationCodeCell.m" />
    <None Include="Tenon\Tenon2.0\UIBaseView\UIVerificationCodeCell\UIVerificationCodeCell.xib" />
    <None Include="Tenon\Tenon2.0\关于我们\AboutViewController.m" />
    <None Include="Tenon\Tenon2.0\广告\ADViewController.m" />
    <None Include="Tenon\Tenon2.0\设置\Controller\SettingViewController.m" />
    <None Include="Tenon\Tenon2.0\设置\View\SettingSelectCell.m" />
    <None Include="Tenon\Tenon2.0\设置\View\SettingSelectCell.xib" />
    <None Include="Tenon\Tenon2.0\设置\View\SettingTableViewCell.m" />
    <None Include="Tenon\Tenon2.0\设置\View\SettingTableViewCell.xib" />
    <None Include="Tenon\Tenon2.0\首页\Base.lproj\Main.storyboard" />
    <None Include="Tenon\Tenon2.0\首页\View\HomeGuideView.m" />
    <None Include="Tenon\Tenon2.0\首页\View\HomeGuideView.xib" />
    <None Include="Tenon\Tenon2.0\首页\zh-Hans.lproj\Main.strings" />
    <None Include="Tenon\Tenon2.0\首页\AppDelegate.m" />
    <None Include="Tenon\Tenon2.0\首页\MainViewController.m" />
    <None Include="Tenon\Tenon2.0\首页\TenonProtocolView.swift" />
    <None Include="Tenon\Tenon2.0\首页\TenonProtocolView.xib" />
    <None Include="Tenon\Tenon2.0\提现\Controller\WithdrawViewController.m" />
    <None Include="Tenon\Tenon2.0\提现\View\HistoryListTableViewCell.m" />
    <None Include="Tenon\Tenon2.0\提现\View\HistoryListTableViewCell.xib" />
    <None Include="Tenon\Tenon2.0\赚币\getTenonCell.m" />
    <None Include="Tenon\Tenon2.0\赚币\getTenonCell.xib" />
    <None Include="Tenon\Tenon2.0\赚币\OrderListHeaderCell.m" />
    <None Include="Tenon\Tenon2.0\赚币\OrderListHeaderCell.xib" />
    <None Include="Tenon\Tenon2.0\赚币\RechargeViewController.m" />
    <None Include="Tenon\Tenon2.0\赚币\TenonHeadCell.m" />
    <None Include="Tenon\Tenon2.0\赚币\TenonHeadCell.xib" />
    <None Include="Tenon\Tenon2.0\.DS_Store" />
  </ItemGroup>
  <ItemGroup>
    <Image Include="Tenon\Tenon2.0\share_pic.jpg">
      <Filter>资源文件</Filter>
    </Image>
  </ItemGroup>
</Project>